// !$*UTF8*$!
{
	archiveVersion = 1;
	classes = {
	};
	objectVersion = 46;
	objects = {

/* Begin PBXBuildFile section */
		3FFD594D03CC0C54D7E7F279 /* Pods_zhangchu.framework in Frameworks */ = {isa = PBXBuildFile; fileRef = 90161368D879297F6F2494B0 /* Pods_zhangchu.framework */; };
		7C2ABD231DBEED43000F44A6 /* RecipeRecommendView.swift in Sources */ = {isa = PBXBuildFile; fileRef = 7C2ABD221DBEED43000F44A6 /* RecipeRecommendView.swift */; };
		7C2ABD2D1DBEF82D000F44A6 /* sdefaultImage.png in Resources */ = {isa = PBXBuildFile; fileRef = 7C2ABD2C1DBEF82D000F44A6 /* sdefaultImage.png */; };
		7C2ABD9A1DC054FA000F44A6 /* search1.png in Resources */ = {isa = PBXBuildFile; fileRef = 7C2ABD991DC054FA000F44A6 /* search1.png */; };
		7C2ABE001DC19A91000F44A6 /* play-A@2x.png in Resources */ = {isa = PBXBuildFile; fileRef = 7C2ABDFE1DC19A91000F44A6 /* play-A@2x.png */; };
		7C2ABE011DC19A91000F44A6 /* play-A@3x.png in Resources */ = {isa = PBXBuildFile; fileRef = 7C2ABDFF1DC19A91000F44A6 /* play-A@3x.png */; };
		7C2ABE051DC1B0DE000F44A6 /* more_icon.png in Resources */ = {isa = PBXBuildFile; fileRef = 7C2ABE041DC1B0DE000F44A6 /* more_icon.png */; };
		7C2ABE5D1DC2E59F000F44A6 /* play.png in Resources */ = {isa = PBXBuildFile; fileRef = 7C2ABE5C1DC2E59F000F44A6 /* play.png */; };
		7C2E91F51DB9A51A00DD7EC9 /* AppDelegate.swift in Sources */ = {isa = PBXBuildFile; fileRef = 7C2E91F41DB9A51A00DD7EC9 /* AppDelegate.swift */; };
		7C2E91F71DB9A51A00DD7EC9 /* ViewController.swift in Sources */ = {isa = PBXBuildFile; fileRef = 7C2E91F61DB9A51A00DD7EC9 /* ViewController.swift */; };
		7C2E91FA1DB9A51A00DD7EC9 /* Main.storyboard in Resources */ = {isa = PBXBuildFile; fileRef = 7C2E91F81DB9A51A00DD7EC9 /* Main.storyboard */; };
		7C2E91FC1DB9A51A00DD7EC9 /* Assets.xcassets in Resources */ = {isa = PBXBuildFile; fileRef = 7C2E91FB1DB9A51A00DD7EC9 /* Assets.xcassets */; };
		7C2E91FF1DB9A51A00DD7EC9 /* LaunchScreen.storyboard in Resources */ = {isa = PBXBuildFile; fileRef = 7C2E91FD1DB9A51A00DD7EC9 /* LaunchScreen.storyboard */; };
		7C2E92581DB9AB7900DD7EC9 /* BasicViewController.swift in Sources */ = {isa = PBXBuildFile; fileRef = 7C2E92571DB9AB7900DD7EC9 /* BasicViewController.swift */; };
		7C2E925A1DB9AB9800DD7EC9 /* MainTabBarViewController.swift in Sources */ = {isa = PBXBuildFile; fileRef = 7C2E92591DB9AB9800DD7EC9 /* MainTabBarViewController.swift */; };
		7C2E925C1DB9AC2800DD7EC9 /* RecipeViewController.swift in Sources */ = {isa = PBXBuildFile; fileRef = 7C2E925B1DB9AC2800DD7EC9 /* RecipeViewController.swift */; };
		7C2E925E1DB9AC4700DD7EC9 /* CommunityViewController.swift in Sources */ = {isa = PBXBuildFile; fileRef = 7C2E925D1DB9AC4700DD7EC9 /* CommunityViewController.swift */; };
		7C2E92601DB9AC5600DD7EC9 /* HappyLifeViewController.swift in Sources */ = {isa = PBXBuildFile; fileRef = 7C2E925F1DB9AC5600DD7EC9 /* HappyLifeViewController.swift */; };
		7C2E92621DB9AC5E00DD7EC9 /* MyViewController.swift in Sources */ = {isa = PBXBuildFile; fileRef = 7C2E92611DB9AC5E00DD7EC9 /* MyViewController.swift */; };
		7C2E927B1DB9B0D900DD7EC9 /* community_normal@2x.png in Resources */ = {isa = PBXBuildFile; fileRef = 7C2E926B1DB9B0D900DD7EC9 /* community_normal@2x.png */; };
		7C2E927C1DB9B0D900DD7EC9 /* community_normal@3x.png in Resources */ = {isa = PBXBuildFile; fileRef = 7C2E926C1DB9B0D900DD7EC9 /* community_normal@3x.png */; };
		7C2E927D1DB9B0D900DD7EC9 /* community_select@2x.png in Resources */ = {isa = PBXBuildFile; fileRef = 7C2E926D1DB9B0D900DD7EC9 /* community_select@2x.png */; };
		7C2E927E1DB9B0D900DD7EC9 /* community_select@3x.png in Resources */ = {isa = PBXBuildFile; fileRef = 7C2E926E1DB9B0D900DD7EC9 /* community_select@3x.png */; };
		7C2E927F1DB9B0D900DD7EC9 /* home_normal@2x.png in Resources */ = {isa = PBXBuildFile; fileRef = 7C2E926F1DB9B0D900DD7EC9 /* home_normal@2x.png */; };
		7C2E92801DB9B0D900DD7EC9 /* home_normal@3x.png in Resources */ = {isa = PBXBuildFile; fileRef = 7C2E92701DB9B0D900DD7EC9 /* home_normal@3x.png */; };
		7C2E92811DB9B0D900DD7EC9 /* home_select@2x.png in Resources */ = {isa = PBXBuildFile; fileRef = 7C2E92711DB9B0D900DD7EC9 /* home_select@2x.png */; };
		7C2E92821DB9B0D900DD7EC9 /* home_select@3x.png in Resources */ = {isa = PBXBuildFile; fileRef = 7C2E92721DB9B0D900DD7EC9 /* home_select@3x.png */; };
		7C2E92831DB9B0D900DD7EC9 /* mine_normal@2x.png in Resources */ = {isa = PBXBuildFile; fileRef = 7C2E92731DB9B0D900DD7EC9 /* mine_normal@2x.png */; };
		7C2E92841DB9B0D900DD7EC9 /* mine_normal@3x.png in Resources */ = {isa = PBXBuildFile; fileRef = 7C2E92741DB9B0D900DD7EC9 /* mine_normal@3x.png */; };
		7C2E92851DB9B0D900DD7EC9 /* mine_select@2x.png in Resources */ = {isa = PBXBuildFile; fileRef = 7C2E92751DB9B0D900DD7EC9 /* mine_select@2x.png */; };
		7C2E92861DB9B0D900DD7EC9 /* mine_select@3x.png in Resources */ = {isa = PBXBuildFile; fileRef = 7C2E92761DB9B0D900DD7EC9 /* mine_select@3x.png */; };
		7C2E92871DB9B0D900DD7EC9 /* shike_normal@2x.png in Resources */ = {isa = PBXBuildFile; fileRef = 7C2E92771DB9B0D900DD7EC9 /* shike_normal@2x.png */; };
		7C2E92881DB9B0D900DD7EC9 /* shike_normal@3x.png in Resources */ = {isa = PBXBuildFile; fileRef = 7C2E92781DB9B0D900DD7EC9 /* shike_normal@3x.png */; };
		7C2E92891DB9B0D900DD7EC9 /* shike_select@2x.png in Resources */ = {isa = PBXBuildFile; fileRef = 7C2E92791DB9B0D900DD7EC9 /* shike_select@2x.png */; };
		7C2E928A1DB9B0D900DD7EC9 /* shike_select@3x.png in Resources */ = {isa = PBXBuildFile; fileRef = 7C2E927A1DB9B0D900DD7EC9 /* shike_select@3x.png */; };
		7C3F4F991DC9739D00C3C346 /* navBar.png in Resources */ = {isa = PBXBuildFile; fileRef = 7C3F4F971DC9739D00C3C346 /* navBar.png */; };
		7C3F4F9A1DC9739D00C3C346 /* navBtn_bag.png in Resources */ = {isa = PBXBuildFile; fileRef = 7C3F4F981DC9739D00C3C346 /* navBtn_bag.png */; };
		7C3F4F9C1DC97FEA00C3C346 /* RecipIngredientsModel.swift in Sources */ = {isa = PBXBuildFile; fileRef = 7C3F4F9B1DC97FEA00C3C346 /* RecipIngredientsModel.swift */; };
		7C3F4F9E1DC990CE00C3C346 /* RecipIngredientsCell.swift in Sources */ = {isa = PBXBuildFile; fileRef = 7C3F4F9D1DC990CE00C3C346 /* RecipIngredientsCell.swift */; };
		7C3F50541DCAD2C000C3C346 /* RecipeService.swift in Sources */ = {isa = PBXBuildFile; fileRef = 7C3F50531DCAD2C000C3C346 /* RecipeService.swift */; };
		7C3F50561DCAD35600C3C346 /* FoodCourseService.swift in Sources */ = {isa = PBXBuildFile; fileRef = 7C3F50551DCAD35600C3C346 /* FoodCourseService.swift */; };
		7C3F50581DCAD3C500C3C346 /* WebViewService.swift in Sources */ = {isa = PBXBuildFile; fileRef = 7C3F50571DCAD3C500C3C346 /* WebViewService.swift */; };
		7C3F505A1DCAD3E700C3C346 /* FoodMatchService.swift in Sources */ = {isa = PBXBuildFile; fileRef = 7C3F50591DCAD3E700C3C346 /* FoodMatchService.swift */; };
		7C3F505C1DCAD40000C3C346 /* SceneListService.swift in Sources */ = {isa = PBXBuildFile; fileRef = 7C3F505B1DCAD40000C3C346 /* SceneListService.swift */; };
		7C3F505E1DCAD42200C3C346 /* FavoritesService.swift in Sources */ = {isa = PBXBuildFile; fileRef = 7C3F505D1DCAD42200C3C346 /* FavoritesService.swift */; };
		7C3F50601DCAD43000C3C346 /* SceneService.swift in Sources */ = {isa = PBXBuildFile; fileRef = 7C3F505F1DCAD43000C3C346 /* SceneService.swift */; };
		7C3F50621DCAD44100C3C346 /* DishService.swift in Sources */ = {isa = PBXBuildFile; fileRef = 7C3F50611DCAD44100C3C346 /* DishService.swift */; };
		7C3F50641DCAD44A00C3C346 /* VideoService.swift in Sources */ = {isa = PBXBuildFile; fileRef = 7C3F50631DCAD44A00C3C346 /* VideoService.swift */; };
		7C3F50661DCAD46100C3C346 /* RecommendTelentServcie.swift in Sources */ = {isa = PBXBuildFile; fileRef = 7C3F50651DCAD46100C3C346 /* RecommendTelentServcie.swift */; };
		7C3F50681DCAD47300C3C346 /* TelentService.swift in Sources */ = {isa = PBXBuildFile; fileRef = 7C3F50671DCAD47300C3C346 /* TelentService.swift */; };
		7C3F506A1DCAD49200C3C346 /* BoutiquepostService.swift in Sources */ = {isa = PBXBuildFile; fileRef = 7C3F50691DCAD49200C3C346 /* BoutiquepostService.swift */; };
		7C3F506C1DCAD49D00C3C346 /* PostService.swift in Sources */ = {isa = PBXBuildFile; fileRef = 7C3F506B1DCAD49D00C3C346 /* PostService.swift */; };
		7C3F506E1DCAD4BA00C3C346 /* SubjectListService.swift in Sources */ = {isa = PBXBuildFile; fileRef = 7C3F506D1DCAD4BA00C3C346 /* SubjectListService.swift */; };
		7C3F50701DCAD4E700C3C346 /* IngredientsService.swift in Sources */ = {isa = PBXBuildFile; fileRef = 7C3F506F1DCAD4E700C3C346 /* IngredientsService.swift */; };
		7C3F51101DCC171500C3C346 /* RecommendViewController.swift in Sources */ = {isa = PBXBuildFile; fileRef = 7C3F50F31DCC171400C3C346 /* RecommendViewController.swift */; };
		7C3F51111DCC171500C3C346 /* RecommendBannerCell.swift in Sources */ = {isa = PBXBuildFile; fileRef = 7C3F50F61DCC171500C3C346 /* RecommendBannerCell.swift */; };
		7C3F51121DCC171500C3C346 /* RecommendBannerCell.xib in Resources */ = {isa = PBXBuildFile; fileRef = 7C3F50F71DCC171500C3C346 /* RecommendBannerCell.xib */; };
		7C3F51131DCC171500C3C346 /* RecommendHeaderView.swift in Sources */ = {isa = PBXBuildFile; fileRef = 7C3F50F81DCC171500C3C346 /* RecommendHeaderView.swift */; };
		7C3F51141DCC171500C3C346 /* RecommendListCell.swift in Sources */ = {isa = PBXBuildFile; fileRef = 7C3F50F91DCC171500C3C346 /* RecommendListCell.swift */; };
		7C3F51151DCC171500C3C346 /* RecommendListCell.xib in Resources */ = {isa = PBXBuildFile; fileRef = 7C3F50FA1DCC171500C3C346 /* RecommendListCell.xib */; };
		7C3F51161DCC171500C3C346 /* RecommendOtherFoodCell.swift in Sources */ = {isa = PBXBuildFile; fileRef = 7C3F50FB1DCC171500C3C346 /* RecommendOtherFoodCell.swift */; };
		7C3F51171DCC171500C3C346 /* RecommendOtherFoodCell.xib in Resources */ = {isa = PBXBuildFile; fileRef = 7C3F50FC1DCC171500C3C346 /* RecommendOtherFoodCell.xib */; };
		7C3F51181DCC171500C3C346 /* RecommendTodayCell.swift in Sources */ = {isa = PBXBuildFile; fileRef = 7C3F50FD1DCC171500C3C346 /* RecommendTodayCell.swift */; };
		7C3F51191DCC171500C3C346 /* RecommendTodayCell.xib in Resources */ = {isa = PBXBuildFile; fileRef = 7C3F50FE1DCC171500C3C346 /* RecommendTodayCell.xib */; };
		7C3F511A1DCC171500C3C346 /* RecommendWidgetBtnCell.swift in Sources */ = {isa = PBXBuildFile; fileRef = 7C3F50FF1DCC171500C3C346 /* RecommendWidgetBtnCell.swift */; };
		7C3F511B1DCC171500C3C346 /* RecommendWidgetBtnCell.xib in Resources */ = {isa = PBXBuildFile; fileRef = 7C3F51001DCC171500C3C346 /* RecommendWidgetBtnCell.xib */; };
		7C3F511C1DCC171500C3C346 /* RecommendWidgetBtnHeaderView.swift in Sources */ = {isa = PBXBuildFile; fileRef = 7C3F51011DCC171500C3C346 /* RecommendWidgetBtnHeaderView.swift */; };
		7C3F511D1DCC171500C3C346 /* RecommendWidgetImgCell.swift in Sources */ = {isa = PBXBuildFile; fileRef = 7C3F51021DCC171500C3C346 /* RecommendWidgetImgCell.swift */; };
		7C3F511E1DCC171500C3C346 /* RecommendWidgetImgCell.xib in Resources */ = {isa = PBXBuildFile; fileRef = 7C3F51031DCC171500C3C346 /* RecommendWidgetImgCell.xib */; };
		7C3F511F1DCC171500C3C346 /* RecommentChosenCell.swift in Sources */ = {isa = PBXBuildFile; fileRef = 7C3F51041DCC171500C3C346 /* RecommentChosenCell.swift */; };
		7C3F51201DCC171500C3C346 /* RecommentChosenCell.xib in Resources */ = {isa = PBXBuildFile; fileRef = 7C3F51051DCC171500C3C346 /* RecommentChosenCell.xib */; };
		7C3F51211DCC171500C3C346 /* RecommentTalentCell.swift in Sources */ = {isa = PBXBuildFile; fileRef = 7C3F51061DCC171500C3C346 /* RecommentTalentCell.swift */; };
		7C3F51221DCC171500C3C346 /* RecommentTalentCell.xib in Resources */ = {isa = PBXBuildFile; fileRef = 7C3F51071DCC171500C3C346 /* RecommentTalentCell.xib */; };
		7C3F51231DCC171500C3C346 /* RecommentTopicCell.swift in Sources */ = {isa = PBXBuildFile; fileRef = 7C3F51081DCC171500C3C346 /* RecommentTopicCell.swift */; };
		7C3F51241DCC171500C3C346 /* RecommentTopicCell.xib in Resources */ = {isa = PBXBuildFile; fileRef = 7C3F51091DCC171500C3C346 /* RecommentTopicCell.xib */; };
		7C3F51251DCC171500C3C346 /* FoodCourseController.swift in Sources */ = {isa = PBXBuildFile; fileRef = 7C3F510C1DCC171500C3C346 /* FoodCourseController.swift */; };
		7C3F51261DCC171500C3C346 /* FoodCourseDetailModel.swift in Sources */ = {isa = PBXBuildFile; fileRef = 7C3F510E1DCC171500C3C346 /* FoodCourseDetailModel.swift */; };
		7C3F51291DCC180100C3C346 /* FoodCourseVideoCell.swift in Sources */ = {isa = PBXBuildFile; fileRef = 7C3F51271DCC180100C3C346 /* FoodCourseVideoCell.swift */; };
		7C3F512A1DCC180100C3C346 /* FoodCourseVideoCell.xib in Resources */ = {isa = PBXBuildFile; fileRef = 7C3F51281DCC180100C3C346 /* FoodCourseVideoCell.xib */; };
		7C3F512D1DCC24C200C3C346 /* FoodCourseDescCell.swift in Sources */ = {isa = PBXBuildFile; fileRef = 7C3F512B1DCC24C200C3C346 /* FoodCourseDescCell.swift */; };
		7C3F512E1DCC24C200C3C346 /* FoodCourseDescCell.xib in Resources */ = {isa = PBXBuildFile; fileRef = 7C3F512C1DCC24C200C3C346 /* FoodCourseDescCell.xib */; };
		7C3F51301DCC2F1400C3C346 /* FoodCourseNumCell.swift in Sources */ = {isa = PBXBuildFile; fileRef = 7C3F512F1DCC2F1400C3C346 /* FoodCourseNumCell.swift */; };
		7C3F51321DCC5E3200C3C346 /* FoodCourseCommentModel.swift in Sources */ = {isa = PBXBuildFile; fileRef = 7C3F51311DCC5E3200C3C346 /* FoodCourseCommentModel.swift */; };
		7C3F51351DCC63E200C3C346 /* FoodCourseCommentCell.swift in Sources */ = {isa = PBXBuildFile; fileRef = 7C3F51331DCC63E200C3C346 /* FoodCourseCommentCell.swift */; };
		7C3F51361DCC63E200C3C346 /* FoodCourseCommentCell.xib in Resources */ = {isa = PBXBuildFile; fileRef = 7C3F51341DCC63E200C3C346 /* FoodCourseCommentCell.xib */; };
		7C3F513B1DCC64F400C3C346 /* report_normal@2x.png in Resources */ = {isa = PBXBuildFile; fileRef = 7C3F51371DCC64F400C3C346 /* report_normal@2x.png */; };
		7C3F513C1DCC64F400C3C346 /* report_normal@3x.png in Resources */ = {isa = PBXBuildFile; fileRef = 7C3F51381DCC64F400C3C346 /* report_normal@3x.png */; };
		7C3F513D1DCC64F400C3C346 /* report_select@2x.png in Resources */ = {isa = PBXBuildFile; fileRef = 7C3F51391DCC64F400C3C346 /* report_select@2x.png */; };
		7C3F513E1DCC64F400C3C346 /* report_select@3x.png in Resources */ = {isa = PBXBuildFile; fileRef = 7C3F513A1DCC64F400C3C346 /* report_select@3x.png */; };
		7C3F51401DCC750F00C3C346 /* TabViewController.swift in Sources */ = {isa = PBXBuildFile; fileRef = 7C3F513F1DCC750F00C3C346 /* TabViewController.swift */; };
		7C3F51421DCC7E3E00C3C346 /* FoodCourseCommentHeader.swift in Sources */ = {isa = PBXBuildFile; fileRef = 7C3F51411DCC7E3E00C3C346 /* FoodCourseCommentHeader.swift */; };
		7C3F51441DCC7E8F00C3C346 /* FoodCourseCommentHeader.xib in Resources */ = {isa = PBXBuildFile; fileRef = 7C3F51431DCC7E8F00C3C346 /* FoodCourseCommentHeader.xib */; };
		7C9FC4A91DC8305B0031FBC0 /* saoyisao@2x.png in Resources */ = {isa = PBXBuildFile; fileRef = 7C9FC4A51DC8305B0031FBC0 /* saoyisao@2x.png */; };
		7C9FC4AA1DC8305B0031FBC0 /* saoyisao@3x.png in Resources */ = {isa = PBXBuildFile; fileRef = 7C9FC4A61DC8305B0031FBC0 /* saoyisao@3x.png */; };
		7C9FC4AB1DC8305B0031FBC0 /* search@2x.png in Resources */ = {isa = PBXBuildFile; fileRef = 7C9FC4A71DC8305B0031FBC0 /* search@2x.png */; };
		7C9FC4AC1DC8305B0031FBC0 /* search@3x.png in Resources */ = {isa = PBXBuildFile; fileRef = 7C9FC4A81DC8305B0031FBC0 /* search@3x.png */; };
		7CBD87311DB9B98200E09664 /* UIViewCommon.swift in Sources */ = {isa = PBXBuildFile; fileRef = 7CBD87301DB9B98200E09664 /* UIViewCommon.swift */; };
		7CBD87331DB9BA0D00E09664 /* UILabelCommon.swift in Sources */ = {isa = PBXBuildFile; fileRef = 7CBD87321DB9BA0D00E09664 /* UILabelCommon.swift */; };
		7CBD87351DB9BB8300E09664 /* UIButtonCommon.swift in Sources */ = {isa = PBXBuildFile; fileRef = 7CBD87341DB9BB8300E09664 /* UIButtonCommon.swift */; };
		7CBD87371DB9C39F00E09664 /* constant.swift in Sources */ = {isa = PBXBuildFile; fileRef = 7CBD87361DB9C39F00E09664 /* constant.swift */; };
		7CBD88221DBD9C0500E09664 /* Controllers.json in Resources */ = {isa = PBXBuildFile; fileRef = 7CBD88211DBD9C0500E09664 /* Controllers.json */; };
		7CBD88241DBDACDE00E09664 /* ZCDownload.swift in Sources */ = {isa = PBXBuildFile; fileRef = 7CBD88231DBDACDE00E09664 /* ZCDownload.swift */; };
		7CBD88261DBDB6CA00E09664 /* RecipeRecommendModel.swift in Sources */ = {isa = PBXBuildFile; fileRef = 7CBD88251DBDB6CA00E09664 /* RecipeRecommendModel.swift */; };
		7CC47DC41DC839730095BB11 /* RecipeSegView.swift in Sources */ = {isa = PBXBuildFile; fileRef = 7CC47DC31DC839730095BB11 /* RecipeSegView.swift */; };
		7CC47E9F1DC883790095BB11 /* ClassifyViewController.swift in Sources */ = {isa = PBXBuildFile; fileRef = 7CC47E7D1DC883790095BB11 /* ClassifyViewController.swift */; };
		7CC47EA01DC883790095BB11 /* IngredientsViewController.swift in Sources */ = {isa = PBXBuildFile; fileRef = 7CC47E821DC883790095BB11 /* IngredientsViewController.swift */; };
		7CC47EA11DC883790095BB11 /* RecipIngredientsView.swift in Sources */ = {isa = PBXBuildFile; fileRef = 7CC47E851DC883790095BB11 /* RecipIngredientsView.swift */; };
/* End PBXBuildFile section */

/* Begin PBXFileReference section */
		7C2ABD221DBEED43000F44A6 /* RecipeRecommendView.swift */ = {isa = PBXFileReference; fileEncoding = 4; lastKnownFileType = sourcecode.swift; path = RecipeRecommendView.swift; sourceTree = "<group>"; };
		7C2ABD2C1DBEF82D000F44A6 /* sdefaultImage.png */ = {isa = PBXFileReference; lastKnownFileType = image.png; path = sdefaultImage.png; sourceTree = "<group>"; };
		7C2ABD991DC054FA000F44A6 /* search1.png */ = {isa = PBXFileReference; lastKnownFileType = image.png; path = search1.png; sourceTree = "<group>"; };
		7C2ABDFE1DC19A91000F44A6 /* play-A@2x.png */ = {isa = PBXFileReference; lastKnownFileType = image.png; path = "play-A@2x.png"; sourceTree = "<group>"; };
		7C2ABDFF1DC19A91000F44A6 /* play-A@3x.png */ = {isa = PBXFileReference; lastKnownFileType = image.png; path = "play-A@3x.png"; sourceTree = "<group>"; };
		7C2ABE041DC1B0DE000F44A6 /* more_icon.png */ = {isa = PBXFileReference; lastKnownFileType = image.png; path = more_icon.png; sourceTree = "<group>"; };
		7C2ABE5C1DC2E59F000F44A6 /* play.png */ = {isa = PBXFileReference; lastKnownFileType = image.png; path = play.png; sourceTree = "<group>"; };
		7C2E91F11DB9A51A00DD7EC9 /* zhangchu.app */ = {isa = PBXFileReference; explicitFileType = wrapper.application; includeInIndex = 0; path = zhangchu.app; sourceTree = BUILT_PRODUCTS_DIR; };
		7C2E91F41DB9A51A00DD7EC9 /* AppDelegate.swift */ = {isa = PBXFileReference; lastKnownFileType = sourcecode.swift; path = AppDelegate.swift; sourceTree = "<group>"; };
		7C2E91F61DB9A51A00DD7EC9 /* ViewController.swift */ = {isa = PBXFileReference; lastKnownFileType = sourcecode.swift; path = ViewController.swift; sourceTree = "<group>"; };
		7C2E91F91DB9A51A00DD7EC9 /* Base */ = {isa = PBXFileReference; lastKnownFileType = file.storyboard; name = Base; path = Base.lproj/Main.storyboard; sourceTree = "<group>"; };
		7C2E91FB1DB9A51A00DD7EC9 /* Assets.xcassets */ = {isa = PBXFileReference; lastKnownFileType = folder.assetcatalog; path = Assets.xcassets; sourceTree = "<group>"; };
		7C2E91FE1DB9A51A00DD7EC9 /* Base */ = {isa = PBXFileReference; lastKnownFileType = file.storyboard; name = Base; path = Base.lproj/LaunchScreen.storyboard; sourceTree = "<group>"; };
		7C2E92001DB9A51A00DD7EC9 /* Info.plist */ = {isa = PBXFileReference; lastKnownFileType = text.plist.xml; path = Info.plist; sourceTree = "<group>"; };
		7C2E92571DB9AB7900DD7EC9 /* BasicViewController.swift */ = {isa = PBXFileReference; fileEncoding = 4; lastKnownFileType = sourcecode.swift; path = BasicViewController.swift; sourceTree = "<group>"; };
		7C2E92591DB9AB9800DD7EC9 /* MainTabBarViewController.swift */ = {isa = PBXFileReference; fileEncoding = 4; lastKnownFileType = sourcecode.swift; path = MainTabBarViewController.swift; sourceTree = "<group>"; };
		7C2E925B1DB9AC2800DD7EC9 /* RecipeViewController.swift */ = {isa = PBXFileReference; fileEncoding = 4; lastKnownFileType = sourcecode.swift; path = RecipeViewController.swift; sourceTree = "<group>"; };
		7C2E925D1DB9AC4700DD7EC9 /* CommunityViewController.swift */ = {isa = PBXFileReference; fileEncoding = 4; lastKnownFileType = sourcecode.swift; path = CommunityViewController.swift; sourceTree = "<group>"; };
		7C2E925F1DB9AC5600DD7EC9 /* HappyLifeViewController.swift */ = {isa = PBXFileReference; fileEncoding = 4; lastKnownFileType = sourcecode.swift; path = HappyLifeViewController.swift; sourceTree = "<group>"; };
		7C2E92611DB9AC5E00DD7EC9 /* MyViewController.swift */ = {isa = PBXFileReference; fileEncoding = 4; lastKnownFileType = sourcecode.swift; path = MyViewController.swift; sourceTree = "<group>"; };
		7C2E926B1DB9B0D900DD7EC9 /* community_normal@2x.png */ = {isa = PBXFileReference; lastKnownFileType = image.png; path = "community_normal@2x.png"; sourceTree = "<group>"; };
		7C2E926C1DB9B0D900DD7EC9 /* community_normal@3x.png */ = {isa = PBXFileReference; lastKnownFileType = image.png; path = "community_normal@3x.png"; sourceTree = "<group>"; };
		7C2E926D1DB9B0D900DD7EC9 /* community_select@2x.png */ = {isa = PBXFileReference; lastKnownFileType = image.png; path = "community_select@2x.png"; sourceTree = "<group>"; };
		7C2E926E1DB9B0D900DD7EC9 /* community_select@3x.png */ = {isa = PBXFileReference; lastKnownFileType = image.png; path = "community_select@3x.png"; sourceTree = "<group>"; };
		7C2E926F1DB9B0D900DD7EC9 /* home_normal@2x.png */ = {isa = PBXFileReference; lastKnownFileType = image.png; path = "home_normal@2x.png"; sourceTree = "<group>"; };
		7C2E92701DB9B0D900DD7EC9 /* home_normal@3x.png */ = {isa = PBXFileReference; lastKnownFileType = image.png; path = "home_normal@3x.png"; sourceTree = "<group>"; };
		7C2E92711DB9B0D900DD7EC9 /* home_select@2x.png */ = {isa = PBXFileReference; lastKnownFileType = image.png; path = "home_select@2x.png"; sourceTree = "<group>"; };
		7C2E92721DB9B0D900DD7EC9 /* home_select@3x.png */ = {isa = PBXFileReference; lastKnownFileType = image.png; path = "home_select@3x.png"; sourceTree = "<group>"; };
		7C2E92731DB9B0D900DD7EC9 /* mine_normal@2x.png */ = {isa = PBXFileReference; lastKnownFileType = image.png; path = "mine_normal@2x.png"; sourceTree = "<group>"; };
		7C2E92741DB9B0D900DD7EC9 /* mine_normal@3x.png */ = {isa = PBXFileReference; lastKnownFileType = image.png; path = "mine_normal@3x.png"; sourceTree = "<group>"; };
		7C2E92751DB9B0D900DD7EC9 /* mine_select@2x.png */ = {isa = PBXFileReference; lastKnownFileType = image.png; path = "mine_select@2x.png"; sourceTree = "<group>"; };
		7C2E92761DB9B0D900DD7EC9 /* mine_select@3x.png */ = {isa = PBXFileReference; lastKnownFileType = image.png; path = "mine_select@3x.png"; sourceTree = "<group>"; };
		7C2E92771DB9B0D900DD7EC9 /* shike_normal@2x.png */ = {isa = PBXFileReference; lastKnownFileType = image.png; path = "shike_normal@2x.png"; sourceTree = "<group>"; };
		7C2E92781DB9B0D900DD7EC9 /* shike_normal@3x.png */ = {isa = PBXFileReference; lastKnownFileType = image.png; path = "shike_normal@3x.png"; sourceTree = "<group>"; };
		7C2E92791DB9B0D900DD7EC9 /* shike_select@2x.png */ = {isa = PBXFileReference; lastKnownFileType = image.png; path = "shike_select@2x.png"; sourceTree = "<group>"; };
		7C2E927A1DB9B0D900DD7EC9 /* shike_select@3x.png */ = {isa = PBXFileReference; lastKnownFileType = image.png; path = "shike_select@3x.png"; sourceTree = "<group>"; };
		7C3F4F971DC9739D00C3C346 /* navBar.png */ = {isa = PBXFileReference; lastKnownFileType = image.png; path = navBar.png; sourceTree = "<group>"; };
		7C3F4F981DC9739D00C3C346 /* navBtn_bag.png */ = {isa = PBXFileReference; lastKnownFileType = image.png; path = navBtn_bag.png; sourceTree = "<group>"; };
		7C3F4F9B1DC97FEA00C3C346 /* RecipIngredientsModel.swift */ = {isa = PBXFileReference; fileEncoding = 4; lastKnownFileType = sourcecode.swift; path = RecipIngredientsModel.swift; sourceTree = "<group>"; };
		7C3F4F9D1DC990CE00C3C346 /* RecipIngredientsCell.swift */ = {isa = PBXFileReference; fileEncoding = 4; lastKnownFileType = sourcecode.swift; path = RecipIngredientsCell.swift; sourceTree = "<group>"; };
		7C3F50531DCAD2C000C3C346 /* RecipeService.swift */ = {isa = PBXFileReference; fileEncoding = 4; lastKnownFileType = sourcecode.swift; path = RecipeService.swift; sourceTree = "<group>"; };
		7C3F50551DCAD35600C3C346 /* FoodCourseService.swift */ = {isa = PBXFileReference; fileEncoding = 4; lastKnownFileType = sourcecode.swift; path = FoodCourseService.swift; sourceTree = "<group>"; };
		7C3F50571DCAD3C500C3C346 /* WebViewService.swift */ = {isa = PBXFileReference; fileEncoding = 4; lastKnownFileType = sourcecode.swift; path = WebViewService.swift; sourceTree = "<group>"; };
		7C3F50591DCAD3E700C3C346 /* FoodMatchService.swift */ = {isa = PBXFileReference; fileEncoding = 4; lastKnownFileType = sourcecode.swift; path = FoodMatchService.swift; sourceTree = "<group>"; };
		7C3F505B1DCAD40000C3C346 /* SceneListService.swift */ = {isa = PBXFileReference; fileEncoding = 4; lastKnownFileType = sourcecode.swift; path = SceneListService.swift; sourceTree = "<group>"; };
		7C3F505D1DCAD42200C3C346 /* FavoritesService.swift */ = {isa = PBXFileReference; fileEncoding = 4; lastKnownFileType = sourcecode.swift; path = FavoritesService.swift; sourceTree = "<group>"; };
		7C3F505F1DCAD43000C3C346 /* SceneService.swift */ = {isa = PBXFileReference; fileEncoding = 4; lastKnownFileType = sourcecode.swift; path = SceneService.swift; sourceTree = "<group>"; };
		7C3F50611DCAD44100C3C346 /* DishService.swift */ = {isa = PBXFileReference; fileEncoding = 4; lastKnownFileType = sourcecode.swift; path = DishService.swift; sourceTree = "<group>"; };
		7C3F50631DCAD44A00C3C346 /* VideoService.swift */ = {isa = PBXFileReference; fileEncoding = 4; lastKnownFileType = sourcecode.swift; path = VideoService.swift; sourceTree = "<group>"; };
		7C3F50651DCAD46100C3C346 /* RecommendTelentServcie.swift */ = {isa = PBXFileReference; fileEncoding = 4; lastKnownFileType = sourcecode.swift; path = RecommendTelentServcie.swift; sourceTree = "<group>"; };
		7C3F50671DCAD47300C3C346 /* TelentService.swift */ = {isa = PBXFileReference; fileEncoding = 4; lastKnownFileType = sourcecode.swift; path = TelentService.swift; sourceTree = "<group>"; };
		7C3F50691DCAD49200C3C346 /* BoutiquepostService.swift */ = {isa = PBXFileReference; fileEncoding = 4; lastKnownFileType = sourcecode.swift; path = BoutiquepostService.swift; sourceTree = "<group>"; };
		7C3F506B1DCAD49D00C3C346 /* PostService.swift */ = {isa = PBXFileReference; fileEncoding = 4; lastKnownFileType = sourcecode.swift; path = PostService.swift; sourceTree = "<group>"; };
		7C3F506D1DCAD4BA00C3C346 /* SubjectListService.swift */ = {isa = PBXFileReference; fileEncoding = 4; lastKnownFileType = sourcecode.swift; path = SubjectListService.swift; sourceTree = "<group>"; };
		7C3F506F1DCAD4E700C3C346 /* IngredientsService.swift */ = {isa = PBXFileReference; fileEncoding = 4; lastKnownFileType = sourcecode.swift; path = IngredientsService.swift; sourceTree = "<group>"; };
		7C3F50F31DCC171400C3C346 /* RecommendViewController.swift */ = {isa = PBXFileReference; fileEncoding = 4; lastKnownFileType = sourcecode.swift; path = RecommendViewController.swift; sourceTree = "<group>"; };
		7C3F50F61DCC171500C3C346 /* RecommendBannerCell.swift */ = {isa = PBXFileReference; fileEncoding = 4; lastKnownFileType = sourcecode.swift; path = RecommendBannerCell.swift; sourceTree = "<group>"; };
		7C3F50F71DCC171500C3C346 /* RecommendBannerCell.xib */ = {isa = PBXFileReference; fileEncoding = 4; lastKnownFileType = file.xib; path = RecommendBannerCell.xib; sourceTree = "<group>"; };
		7C3F50F81DCC171500C3C346 /* RecommendHeaderView.swift */ = {isa = PBXFileReference; fileEncoding = 4; lastKnownFileType = sourcecode.swift; path = RecommendHeaderView.swift; sourceTree = "<group>"; };
		7C3F50F91DCC171500C3C346 /* RecommendListCell.swift */ = {isa = PBXFileReference; fileEncoding = 4; lastKnownFileType = sourcecode.swift; path = RecommendListCell.swift; sourceTree = "<group>"; };
		7C3F50FA1DCC171500C3C346 /* RecommendListCell.xib */ = {isa = PBXFileReference; fileEncoding = 4; lastKnownFileType = file.xib; path = RecommendListCell.xib; sourceTree = "<group>"; };
		7C3F50FB1DCC171500C3C346 /* RecommendOtherFoodCell.swift */ = {isa = PBXFileReference; fileEncoding = 4; lastKnownFileType = sourcecode.swift; path = RecommendOtherFoodCell.swift; sourceTree = "<group>"; };
		7C3F50FC1DCC171500C3C346 /* RecommendOtherFoodCell.xib */ = {isa = PBXFileReference; fileEncoding = 4; lastKnownFileType = file.xib; path = RecommendOtherFoodCell.xib; sourceTree = "<group>"; };
		7C3F50FD1DCC171500C3C346 /* RecommendTodayCell.swift */ = {isa = PBXFileReference; fileEncoding = 4; lastKnownFileType = sourcecode.swift; path = RecommendTodayCell.swift; sourceTree = "<group>"; };
		7C3F50FE1DCC171500C3C346 /* RecommendTodayCell.xib */ = {isa = PBXFileReference; fileEncoding = 4; lastKnownFileType = file.xib; path = RecommendTodayCell.xib; sourceTree = "<group>"; };
		7C3F50FF1DCC171500C3C346 /* RecommendWidgetBtnCell.swift */ = {isa = PBXFileReference; fileEncoding = 4; lastKnownFileType = sourcecode.swift; path = RecommendWidgetBtnCell.swift; sourceTree = "<group>"; };
		7C3F51001DCC171500C3C346 /* RecommendWidgetBtnCell.xib */ = {isa = PBXFileReference; fileEncoding = 4; lastKnownFileType = file.xib; path = RecommendWidgetBtnCell.xib; sourceTree = "<group>"; };
		7C3F51011DCC171500C3C346 /* RecommendWidgetBtnHeaderView.swift */ = {isa = PBXFileReference; fileEncoding = 4; lastKnownFileType = sourcecode.swift; path = RecommendWidgetBtnHeaderView.swift; sourceTree = "<group>"; };
		7C3F51021DCC171500C3C346 /* RecommendWidgetImgCell.swift */ = {isa = PBXFileReference; fileEncoding = 4; lastKnownFileType = sourcecode.swift; path = RecommendWidgetImgCell.swift; sourceTree = "<group>"; };
		7C3F51031DCC171500C3C346 /* RecommendWidgetImgCell.xib */ = {isa = PBXFileReference; fileEncoding = 4; lastKnownFileType = file.xib; path = RecommendWidgetImgCell.xib; sourceTree = "<group>"; };
		7C3F51041DCC171500C3C346 /* RecommentChosenCell.swift */ = {isa = PBXFileReference; fileEncoding = 4; lastKnownFileType = sourcecode.swift; path = RecommentChosenCell.swift; sourceTree = "<group>"; };
		7C3F51051DCC171500C3C346 /* RecommentChosenCell.xib */ = {isa = PBXFileReference; fileEncoding = 4; lastKnownFileType = file.xib; path = RecommentChosenCell.xib; sourceTree = "<group>"; };
		7C3F51061DCC171500C3C346 /* RecommentTalentCell.swift */ = {isa = PBXFileReference; fileEncoding = 4; lastKnownFileType = sourcecode.swift; path = RecommentTalentCell.swift; sourceTree = "<group>"; };
		7C3F51071DCC171500C3C346 /* RecommentTalentCell.xib */ = {isa = PBXFileReference; fileEncoding = 4; lastKnownFileType = file.xib; path = RecommentTalentCell.xib; sourceTree = "<group>"; };
		7C3F51081DCC171500C3C346 /* RecommentTopicCell.swift */ = {isa = PBXFileReference; fileEncoding = 4; lastKnownFileType = sourcecode.swift; path = RecommentTopicCell.swift; sourceTree = "<group>"; };
		7C3F51091DCC171500C3C346 /* RecommentTopicCell.xib */ = {isa = PBXFileReference; fileEncoding = 4; lastKnownFileType = file.xib; path = RecommentTopicCell.xib; sourceTree = "<group>"; };
		7C3F510C1DCC171500C3C346 /* FoodCourseController.swift */ = {isa = PBXFileReference; fileEncoding = 4; lastKnownFileType = sourcecode.swift; path = FoodCourseController.swift; sourceTree = "<group>"; };
		7C3F510E1DCC171500C3C346 /* FoodCourseDetailModel.swift */ = {isa = PBXFileReference; fileEncoding = 4; lastKnownFileType = sourcecode.swift; path = FoodCourseDetailModel.swift; sourceTree = "<group>"; };
		7C3F51271DCC180100C3C346 /* FoodCourseVideoCell.swift */ = {isa = PBXFileReference; fileEncoding = 4; lastKnownFileType = sourcecode.swift; path = FoodCourseVideoCell.swift; sourceTree = "<group>"; };
		7C3F51281DCC180100C3C346 /* FoodCourseVideoCell.xib */ = {isa = PBXFileReference; fileEncoding = 4; lastKnownFileType = file.xib; path = FoodCourseVideoCell.xib; sourceTree = "<group>"; };
		7C3F512B1DCC24C200C3C346 /* FoodCourseDescCell.swift */ = {isa = PBXFileReference; fileEncoding = 4; lastKnownFileType = sourcecode.swift; path = FoodCourseDescCell.swift; sourceTree = "<group>"; };
		7C3F512C1DCC24C200C3C346 /* FoodCourseDescCell.xib */ = {isa = PBXFileReference; fileEncoding = 4; lastKnownFileType = file.xib; path = FoodCourseDescCell.xib; sourceTree = "<group>"; };
		7C3F512F1DCC2F1400C3C346 /* FoodCourseNumCell.swift */ = {isa = PBXFileReference; fileEncoding = 4; lastKnownFileType = sourcecode.swift; path = FoodCourseNumCell.swift; sourceTree = "<group>"; };
		7C3F51311DCC5E3200C3C346 /* FoodCourseCommentModel.swift */ = {isa = PBXFileReference; fileEncoding = 4; lastKnownFileType = sourcecode.swift; path = FoodCourseCommentModel.swift; sourceTree = "<group>"; };
		7C3F51331DCC63E200C3C346 /* FoodCourseCommentCell.swift */ = {isa = PBXFileReference; fileEncoding = 4; lastKnownFileType = sourcecode.swift; path = FoodCourseCommentCell.swift; sourceTree = "<group>"; };
		7C3F51341DCC63E200C3C346 /* FoodCourseCommentCell.xib */ = {isa = PBXFileReference; fileEncoding = 4; lastKnownFileType = file.xib; path = FoodCourseCommentCell.xib; sourceTree = "<group>"; };
		7C3F51371DCC64F400C3C346 /* report_normal@2x.png */ = {isa = PBXFileReference; lastKnownFileType = image.png; path = "report_normal@2x.png"; sourceTree = "<group>"; };
		7C3F51381DCC64F400C3C346 /* report_normal@3x.png */ = {isa = PBXFileReference; lastKnownFileType = image.png; path = "report_normal@3x.png"; sourceTree = "<group>"; };
		7C3F51391DCC64F400C3C346 /* report_select@2x.png */ = {isa = PBXFileReference; lastKnownFileType = image.png; path = "report_select@2x.png"; sourceTree = "<group>"; };
		7C3F513A1DCC64F400C3C346 /* report_select@3x.png */ = {isa = PBXFileReference; lastKnownFileType = image.png; path = "report_select@3x.png"; sourceTree = "<group>"; };
		7C3F513F1DCC750F00C3C346 /* TabViewController.swift */ = {isa = PBXFileReference; fileEncoding = 4; lastKnownFileType = sourcecode.swift; path = TabViewController.swift; sourceTree = "<group>"; };
		7C3F51411DCC7E3E00C3C346 /* FoodCourseCommentHeader.swift */ = {isa = PBXFileReference; fileEncoding = 4; lastKnownFileType = sourcecode.swift; path = FoodCourseCommentHeader.swift; sourceTree = "<group>"; };
		7C3F51431DCC7E8F00C3C346 /* FoodCourseCommentHeader.xib */ = {isa = PBXFileReference; fileEncoding = 4; lastKnownFileType = file.xib; path = FoodCourseCommentHeader.xib; sourceTree = "<group>"; };
		7C9FC4A51DC8305B0031FBC0 /* saoyisao@2x.png */ = {isa = PBXFileReference; lastKnownFileType = image.png; path = "saoyisao@2x.png"; sourceTree = "<group>"; };
		7C9FC4A61DC8305B0031FBC0 /* saoyisao@3x.png */ = {isa = PBXFileReference; lastKnownFileType = image.png; path = "saoyisao@3x.png"; sourceTree = "<group>"; };
		7C9FC4A71DC8305B0031FBC0 /* search@2x.png */ = {isa = PBXFileReference; lastKnownFileType = image.png; path = "search@2x.png"; sourceTree = "<group>"; };
		7C9FC4A81DC8305B0031FBC0 /* search@3x.png */ = {isa = PBXFileReference; lastKnownFileType = image.png; path = "search@3x.png"; sourceTree = "<group>"; };
		7CBD87301DB9B98200E09664 /* UIViewCommon.swift */ = {isa = PBXFileReference; fileEncoding = 4; lastKnownFileType = sourcecode.swift; path = UIViewCommon.swift; sourceTree = "<group>"; };
		7CBD87321DB9BA0D00E09664 /* UILabelCommon.swift */ = {isa = PBXFileReference; fileEncoding = 4; lastKnownFileType = sourcecode.swift; path = UILabelCommon.swift; sourceTree = "<group>"; };
		7CBD87341DB9BB8300E09664 /* UIButtonCommon.swift */ = {isa = PBXFileReference; fileEncoding = 4; lastKnownFileType = sourcecode.swift; path = UIButtonCommon.swift; sourceTree = "<group>"; };
		7CBD87361DB9C39F00E09664 /* constant.swift */ = {isa = PBXFileReference; fileEncoding = 4; lastKnownFileType = sourcecode.swift; path = constant.swift; sourceTree = "<group>"; };
		7CBD88211DBD9C0500E09664 /* Controllers.json */ = {isa = PBXFileReference; fileEncoding = 4; lastKnownFileType = text.json; path = Controllers.json; sourceTree = "<group>"; };
		7CBD88231DBDACDE00E09664 /* ZCDownload.swift */ = {isa = PBXFileReference; fileEncoding = 4; lastKnownFileType = sourcecode.swift; path = ZCDownload.swift; sourceTree = "<group>"; };
		7CBD88251DBDB6CA00E09664 /* RecipeRecommendModel.swift */ = {isa = PBXFileReference; fileEncoding = 4; lastKnownFileType = sourcecode.swift; path = RecipeRecommendModel.swift; sourceTree = "<group>"; };
		7CC47DC31DC839730095BB11 /* RecipeSegView.swift */ = {isa = PBXFileReference; fileEncoding = 4; lastKnownFileType = sourcecode.swift; path = RecipeSegView.swift; sourceTree = "<group>"; };
		7CC47E7D1DC883790095BB11 /* ClassifyViewController.swift */ = {isa = PBXFileReference; fileEncoding = 4; lastKnownFileType = sourcecode.swift; path = ClassifyViewController.swift; sourceTree = "<group>"; };
		7CC47E821DC883790095BB11 /* IngredientsViewController.swift */ = {isa = PBXFileReference; fileEncoding = 4; lastKnownFileType = sourcecode.swift; path = IngredientsViewController.swift; sourceTree = "<group>"; };
		7CC47E851DC883790095BB11 /* RecipIngredientsView.swift */ = {isa = PBXFileReference; fileEncoding = 4; lastKnownFileType = sourcecode.swift; path = RecipIngredientsView.swift; sourceTree = "<group>"; };
		90161368D879297F6F2494B0 /* Pods_zhangchu.framework */ = {isa = PBXFileReference; explicitFileType = wrapper.framework; includeInIndex = 0; path = Pods_zhangchu.framework; sourceTree = BUILT_PRODUCTS_DIR; };
		9313AEEB83EBD9D6928510B3 /* Pods-zhangchu.release.xcconfig */ = {isa = PBXFileReference; includeInIndex = 1; lastKnownFileType = text.xcconfig; name = "Pods-zhangchu.release.xcconfig"; path = "Pods/Target Support Files/Pods-zhangchu/Pods-zhangchu.release.xcconfig"; sourceTree = "<group>"; };
		E4B537EE54CD577C7E683BCA /* Pods-zhangchu.debug.xcconfig */ = {isa = PBXFileReference; includeInIndex = 1; lastKnownFileType = text.xcconfig; name = "Pods-zhangchu.debug.xcconfig"; path = "Pods/Target Support Files/Pods-zhangchu/Pods-zhangchu.debug.xcconfig"; sourceTree = "<group>"; };
/* End PBXFileReference section */

/* Begin PBXFrameworksBuildPhase section */
		7C2E91EE1DB9A51A00DD7EC9 /* Frameworks */ = {
			isa = PBXFrameworksBuildPhase;
			buildActionMask = 2147483647;
			files = (
				3FFD594D03CC0C54D7E7F279 /* Pods_zhangchu.framework in Frameworks */,
			);
			runOnlyForDeploymentPostprocessing = 0;
		};
/* End PBXFrameworksBuildPhase section */

/* Begin PBXGroup section */
		7C2E91E81DB9A51A00DD7EC9 = {
			isa = PBXGroup;
			children = (
				7C2E91F31DB9A51A00DD7EC9 /* zhangchu */,
				7C2E91F21DB9A51A00DD7EC9 /* Products */,
				D67DAF12849452E550FD01AA /* Pods */,
				C7B7DF2DA74BF4AABE83999B /* Frameworks */,
			);
			sourceTree = "<group>";
		};
		7C2E91F21DB9A51A00DD7EC9 /* Products */ = {
			isa = PBXGroup;
			children = (
				7C2E91F11DB9A51A00DD7EC9 /* zhangchu.app */,
			);
			name = Products;
			sourceTree = "<group>";
		};
		7C2E91F31DB9A51A00DD7EC9 /* zhangchu */ = {
			isa = PBXGroup;
			children = (
				7C2E92311DB9AAB900DD7EC9 /* classes */,
				7C2E91F41DB9A51A00DD7EC9 /* AppDelegate.swift */,
				7C2E91F61DB9A51A00DD7EC9 /* ViewController.swift */,
				7C2E91F81DB9A51A00DD7EC9 /* Main.storyboard */,
				7C2E91FB1DB9A51A00DD7EC9 /* Assets.xcassets */,
				7C2E91FD1DB9A51A00DD7EC9 /* LaunchScreen.storyboard */,
				7C2E92001DB9A51A00DD7EC9 /* Info.plist */,
			);
			path = zhangchu;
			sourceTree = "<group>";
		};
		7C2E92311DB9AAB900DD7EC9 /* classes */ = {
			isa = PBXGroup;
			children = (
				7C2E92321DB9AAB900DD7EC9 /* common */,
				7C2E92421DB9AAB900DD7EC9 /* recipe */,
				7C2E92331DB9AAB900DD7EC9 /* community */,
				7C2E92381DB9AAB900DD7EC9 /* happyLife */,
				7C2E923D1DB9AAB900DD7EC9 /* my */,
				7C2E92561DB9AAB900DD7EC9 /* resource */,
			);
			path = classes;
			sourceTree = "<group>";
		};
		7C2E92321DB9AAB900DD7EC9 /* common */ = {
			isa = PBXGroup;
			children = (
				7CBD88211DBD9C0500E09664 /* Controllers.json */,
				7C2E92571DB9AB7900DD7EC9 /* BasicViewController.swift */,
				7C2E92591DB9AB9800DD7EC9 /* MainTabBarViewController.swift */,
				7CBD87301DB9B98200E09664 /* UIViewCommon.swift */,
				7CBD87321DB9BA0D00E09664 /* UILabelCommon.swift */,
				7CBD87341DB9BB8300E09664 /* UIButtonCommon.swift */,
				7CBD88231DBDACDE00E09664 /* ZCDownload.swift */,
				7CBD87361DB9C39F00E09664 /* constant.swift */,
				7CC47DC31DC839730095BB11 /* RecipeSegView.swift */,
				7C3F513F1DCC750F00C3C346 /* TabViewController.swift */,
			);
			path = common;
			sourceTree = "<group>";
		};
		7C2E92331DB9AAB900DD7EC9 /* community */ = {
			isa = PBXGroup;
			children = (
				7C2E92341DB9AAB900DD7EC9 /* main */,
			);
			path = community;
			sourceTree = "<group>";
		};
		7C2E92341DB9AAB900DD7EC9 /* main */ = {
			isa = PBXGroup;
			children = (
				7C2E92351DB9AAB900DD7EC9 /* controller */,
				7C2E92361DB9AAB900DD7EC9 /* model */,
				7C2E92371DB9AAB900DD7EC9 /* view */,
			);
			path = main;
			sourceTree = "<group>";
		};
		7C2E92351DB9AAB900DD7EC9 /* controller */ = {
			isa = PBXGroup;
			children = (
				7C2E925D1DB9AC4700DD7EC9 /* CommunityViewController.swift */,
			);
			path = controller;
			sourceTree = "<group>";
		};
		7C2E92361DB9AAB900DD7EC9 /* model */ = {
			isa = PBXGroup;
			children = (
			);
			path = model;
			sourceTree = "<group>";
		};
		7C2E92371DB9AAB900DD7EC9 /* view */ = {
			isa = PBXGroup;
			children = (
			);
			path = view;
			sourceTree = "<group>";
		};
		7C2E92381DB9AAB900DD7EC9 /* happyLife */ = {
			isa = PBXGroup;
			children = (
				7C2E92391DB9AAB900DD7EC9 /* main */,
			);
			path = happyLife;
			sourceTree = "<group>";
		};
		7C2E92391DB9AAB900DD7EC9 /* main */ = {
			isa = PBXGroup;
			children = (
				7C2E923A1DB9AAB900DD7EC9 /* controller */,
				7C2E923B1DB9AAB900DD7EC9 /* model */,
				7C2E923C1DB9AAB900DD7EC9 /* view */,
			);
			path = main;
			sourceTree = "<group>";
		};
		7C2E923A1DB9AAB900DD7EC9 /* controller */ = {
			isa = PBXGroup;
			children = (
				7C2E925F1DB9AC5600DD7EC9 /* HappyLifeViewController.swift */,
			);
			path = controller;
			sourceTree = "<group>";
		};
		7C2E923B1DB9AAB900DD7EC9 /* model */ = {
			isa = PBXGroup;
			children = (
			);
			path = model;
			sourceTree = "<group>";
		};
		7C2E923C1DB9AAB900DD7EC9 /* view */ = {
			isa = PBXGroup;
			children = (
			);
			path = view;
			sourceTree = "<group>";
		};
		7C2E923D1DB9AAB900DD7EC9 /* my */ = {
			isa = PBXGroup;
			children = (
				7C2E923E1DB9AAB900DD7EC9 /* main */,
			);
			path = my;
			sourceTree = "<group>";
		};
		7C2E923E1DB9AAB900DD7EC9 /* main */ = {
			isa = PBXGroup;
			children = (
				7C2E923F1DB9AAB900DD7EC9 /* controller */,
				7C2E92401DB9AAB900DD7EC9 /* model */,
				7C2E92411DB9AAB900DD7EC9 /* view */,
			);
			path = main;
			sourceTree = "<group>";
		};
		7C2E923F1DB9AAB900DD7EC9 /* controller */ = {
			isa = PBXGroup;
			children = (
				7C2E92611DB9AC5E00DD7EC9 /* MyViewController.swift */,
			);
			path = controller;
			sourceTree = "<group>";
		};
		7C2E92401DB9AAB900DD7EC9 /* model */ = {
			isa = PBXGroup;
			children = (
			);
			path = model;
			sourceTree = "<group>";
		};
		7C2E92411DB9AAB900DD7EC9 /* view */ = {
			isa = PBXGroup;
			children = (
			);
			path = view;
			sourceTree = "<group>";
		};
		7C2E92421DB9AAB900DD7EC9 /* recipe */ = {
			isa = PBXGroup;
			children = (
				7C3F50521DCAD29700C3C346 /* service */,
				7C2E924D1DB9AAB900DD7EC9 /* main */,
				7CC47E801DC883790095BB11 /* Ingredients */,
				7C3F50F01DCC171400C3C346 /* recommend */,
				7CC47E7B1DC883790095BB11 /* classify */,
			);
			path = recipe;
			sourceTree = "<group>";
		};
		7C2E924D1DB9AAB900DD7EC9 /* main */ = {
			isa = PBXGroup;
			children = (
				7C2E924E1DB9AAB900DD7EC9 /* controller */,
				7C2E924F1DB9AAB900DD7EC9 /* model */,
				7C2E92501DB9AAB900DD7EC9 /* view */,
			);
			path = main;
			sourceTree = "<group>";
		};
		7C2E924E1DB9AAB900DD7EC9 /* controller */ = {
			isa = PBXGroup;
			children = (
				7C2E925B1DB9AC2800DD7EC9 /* RecipeViewController.swift */,
			);
			path = controller;
			sourceTree = "<group>";
		};
		7C2E924F1DB9AAB900DD7EC9 /* model */ = {
			isa = PBXGroup;
			children = (
				7CBD88251DBDB6CA00E09664 /* RecipeRecommendModel.swift */,
			);
			path = model;
			sourceTree = "<group>";
		};
		7C2E92501DB9AAB900DD7EC9 /* view */ = {
			isa = PBXGroup;
			children = (
				7C2ABD221DBEED43000F44A6 /* RecipeRecommendView.swift */,
			);
			path = view;
			sourceTree = "<group>";
		};
		7C2E92561DB9AAB900DD7EC9 /* resource */ = {
			isa = PBXGroup;
			children = (
				7C2E92631DB9B0D900DD7EC9 /* community */,
				7C2E92641DB9B0D900DD7EC9 /* happyLife */,
				7C2E92651DB9B0D900DD7EC9 /* icon */,
				7C2E92661DB9B0D900DD7EC9 /* my */,
				7C2E92671DB9B0D900DD7EC9 /* nav */,
				7C2E92681DB9B0D900DD7EC9 /* public */,
				7C2E92691DB9B0D900DD7EC9 /* recipe */,
				7C2E926A1DB9B0D900DD7EC9 /* tabbar */,
			);
			path = resource;
			sourceTree = "<group>";
		};
		7C2E92631DB9B0D900DD7EC9 /* community */ = {
			isa = PBXGroup;
			children = (
			);
			path = community;
			sourceTree = "<group>";
		};
		7C2E92641DB9B0D900DD7EC9 /* happyLife */ = {
			isa = PBXGroup;
			children = (
			);
			path = happyLife;
			sourceTree = "<group>";
		};
		7C2E92651DB9B0D900DD7EC9 /* icon */ = {
			isa = PBXGroup;
			children = (
			);
			path = icon;
			sourceTree = "<group>";
		};
		7C2E92661DB9B0D900DD7EC9 /* my */ = {
			isa = PBXGroup;
			children = (
			);
			path = my;
			sourceTree = "<group>";
		};
		7C2E92671DB9B0D900DD7EC9 /* nav */ = {
			isa = PBXGroup;
			children = (
				7C3F4F971DC9739D00C3C346 /* navBar.png */,
				7C3F4F981DC9739D00C3C346 /* navBtn_bag.png */,
				7C9FC4A51DC8305B0031FBC0 /* saoyisao@2x.png */,
				7C9FC4A61DC8305B0031FBC0 /* saoyisao@3x.png */,
				7C9FC4A71DC8305B0031FBC0 /* search@2x.png */,
				7C9FC4A81DC8305B0031FBC0 /* search@3x.png */,
			);
			path = nav;
			sourceTree = "<group>";
		};
		7C2E92681DB9B0D900DD7EC9 /* public */ = {
			isa = PBXGroup;
			children = (
				7C2ABD2C1DBEF82D000F44A6 /* sdefaultImage.png */,
			);
			path = public;
			sourceTree = "<group>";
		};
		7C2E92691DB9B0D900DD7EC9 /* recipe */ = {
			isa = PBXGroup;
			children = (
				7C3F51371DCC64F400C3C346 /* report_normal@2x.png */,
				7C3F51381DCC64F400C3C346 /* report_normal@3x.png */,
				7C3F51391DCC64F400C3C346 /* report_select@2x.png */,
				7C3F513A1DCC64F400C3C346 /* report_select@3x.png */,
				7C2ABE5C1DC2E59F000F44A6 /* play.png */,
				7C2ABE041DC1B0DE000F44A6 /* more_icon.png */,
				7C2ABDFE1DC19A91000F44A6 /* play-A@2x.png */,
				7C2ABDFF1DC19A91000F44A6 /* play-A@3x.png */,
				7C2ABD991DC054FA000F44A6 /* search1.png */,
			);
			path = recipe;
			sourceTree = "<group>";
		};
		7C2E926A1DB9B0D900DD7EC9 /* tabbar */ = {
			isa = PBXGroup;
			children = (
				7C2E926B1DB9B0D900DD7EC9 /* community_normal@2x.png */,
				7C2E926C1DB9B0D900DD7EC9 /* community_normal@3x.png */,
				7C2E926D1DB9B0D900DD7EC9 /* community_select@2x.png */,
				7C2E926E1DB9B0D900DD7EC9 /* community_select@3x.png */,
				7C2E926F1DB9B0D900DD7EC9 /* home_normal@2x.png */,
				7C2E92701DB9B0D900DD7EC9 /* home_normal@3x.png */,
				7C2E92711DB9B0D900DD7EC9 /* home_select@2x.png */,
				7C2E92721DB9B0D900DD7EC9 /* home_select@3x.png */,
				7C2E92731DB9B0D900DD7EC9 /* mine_normal@2x.png */,
				7C2E92741DB9B0D900DD7EC9 /* mine_normal@3x.png */,
				7C2E92751DB9B0D900DD7EC9 /* mine_select@2x.png */,
				7C2E92761DB9B0D900DD7EC9 /* mine_select@3x.png */,
				7C2E92771DB9B0D900DD7EC9 /* shike_normal@2x.png */,
				7C2E92781DB9B0D900DD7EC9 /* shike_normal@3x.png */,
				7C2E92791DB9B0D900DD7EC9 /* shike_select@2x.png */,
				7C2E927A1DB9B0D900DD7EC9 /* shike_select@3x.png */,
			);
			path = tabbar;
			sourceTree = "<group>";
		};
		7C3F50521DCAD29700C3C346 /* service */ = {
			isa = PBXGroup;
			children = (
				7C3F50531DCAD2C000C3C346 /* RecipeService.swift */,
				7C3F50551DCAD35600C3C346 /* FoodCourseService.swift */,
				7C3F50571DCAD3C500C3C346 /* WebViewService.swift */,
				7C3F50591DCAD3E700C3C346 /* FoodMatchService.swift */,
				7C3F505B1DCAD40000C3C346 /* SceneListService.swift */,
				7C3F505D1DCAD42200C3C346 /* FavoritesService.swift */,
				7C3F505F1DCAD43000C3C346 /* SceneService.swift */,
				7C3F50611DCAD44100C3C346 /* DishService.swift */,
				7C3F50631DCAD44A00C3C346 /* VideoService.swift */,
				7C3F50651DCAD46100C3C346 /* RecommendTelentServcie.swift */,
				7C3F50671DCAD47300C3C346 /* TelentService.swift */,
				7C3F50691DCAD49200C3C346 /* BoutiquepostService.swift */,
				7C3F506B1DCAD49D00C3C346 /* PostService.swift */,
				7C3F506D1DCAD4BA00C3C346 /* SubjectListService.swift */,
				7C3F506F1DCAD4E700C3C346 /* IngredientsService.swift */,
			);
			path = service;
			sourceTree = "<group>";
		};
		7C3F50F01DCC171400C3C346 /* recommend */ = {
			isa = PBXGroup;
			children = (
				7C3F50F11DCC171400C3C346 /* main */,
				7C3F510A1DCC171500C3C346 /* subView */,
			);
			path = recommend;
			sourceTree = "<group>";
		};
		7C3F50F11DCC171400C3C346 /* main */ = {
			isa = PBXGroup;
			children = (
				7C3F50F21DCC171400C3C346 /* controller */,
				7C3F50F41DCC171400C3C346 /* model */,
				7C3F50F51DCC171400C3C346 /* view */,
			);
			path = main;
			sourceTree = "<group>";
		};
		7C3F50F21DCC171400C3C346 /* controller */ = {
			isa = PBXGroup;
			children = (
				7C3F50F31DCC171400C3C346 /* RecommendViewController.swift */,
			);
			path = controller;
			sourceTree = "<group>";
		};
		7C3F50F41DCC171400C3C346 /* model */ = {
			isa = PBXGroup;
			children = (
			);
			path = model;
			sourceTree = "<group>";
		};
		7C3F50F51DCC171400C3C346 /* view */ = {
			isa = PBXGroup;
			children = (
				7C3F50F61DCC171500C3C346 /* RecommendBannerCell.swift */,
				7C3F50F71DCC171500C3C346 /* RecommendBannerCell.xib */,
				7C3F50F81DCC171500C3C346 /* RecommendHeaderView.swift */,
				7C3F50F91DCC171500C3C346 /* RecommendListCell.swift */,
				7C3F50FA1DCC171500C3C346 /* RecommendListCell.xib */,
				7C3F50FB1DCC171500C3C346 /* RecommendOtherFoodCell.swift */,
				7C3F50FC1DCC171500C3C346 /* RecommendOtherFoodCell.xib */,
				7C3F50FD1DCC171500C3C346 /* RecommendTodayCell.swift */,
				7C3F50FE1DCC171500C3C346 /* RecommendTodayCell.xib */,
				7C3F50FF1DCC171500C3C346 /* RecommendWidgetBtnCell.swift */,
				7C3F51001DCC171500C3C346 /* RecommendWidgetBtnCell.xib */,
				7C3F51011DCC171500C3C346 /* RecommendWidgetBtnHeaderView.swift */,
				7C3F51021DCC171500C3C346 /* RecommendWidgetImgCell.swift */,
				7C3F51031DCC171500C3C346 /* RecommendWidgetImgCell.xib */,
				7C3F51041DCC171500C3C346 /* RecommentChosenCell.swift */,
				7C3F51051DCC171500C3C346 /* RecommentChosenCell.xib */,
				7C3F51061DCC171500C3C346 /* RecommentTalentCell.swift */,
				7C3F51071DCC171500C3C346 /* RecommentTalentCell.xib */,
				7C3F51081DCC171500C3C346 /* RecommentTopicCell.swift */,
				7C3F51091DCC171500C3C346 /* RecommentTopicCell.xib */,
			);
			path = view;
			sourceTree = "<group>";
		};
		7C3F510A1DCC171500C3C346 /* subView */ = {
			isa = PBXGroup;
			children = (
				7C3F510B1DCC171500C3C346 /* controller */,
				7C3F510D1DCC171500C3C346 /* model */,
				7C3F510F1DCC171500C3C346 /* view */,
			);
			path = subView;
			sourceTree = "<group>";
		};
		7C3F510B1DCC171500C3C346 /* controller */ = {
			isa = PBXGroup;
			children = (
				7C3F510C1DCC171500C3C346 /* FoodCourseController.swift */,
			);
			path = controller;
			sourceTree = "<group>";
		};
		7C3F510D1DCC171500C3C346 /* model */ = {
			isa = PBXGroup;
			children = (
				7C3F510E1DCC171500C3C346 /* FoodCourseDetailModel.swift */,
				7C3F51311DCC5E3200C3C346 /* FoodCourseCommentModel.swift */,
			);
			path = model;
			sourceTree = "<group>";
		};
		7C3F510F1DCC171500C3C346 /* view */ = {
			isa = PBXGroup;
			children = (
				7C3F51271DCC180100C3C346 /* FoodCourseVideoCell.swift */,
				7C3F51281DCC180100C3C346 /* FoodCourseVideoCell.xib */,
				7C3F512B1DCC24C200C3C346 /* FoodCourseDescCell.swift */,
				7C3F512C1DCC24C200C3C346 /* FoodCourseDescCell.xib */,
				7C3F512F1DCC2F1400C3C346 /* FoodCourseNumCell.swift */,
				7C3F51331DCC63E200C3C346 /* FoodCourseCommentCell.swift */,
				7C3F51341DCC63E200C3C346 /* FoodCourseCommentCell.xib */,
				7C3F51411DCC7E3E00C3C346 /* FoodCourseCommentHeader.swift */,
				7C3F51431DCC7E8F00C3C346 /* FoodCourseCommentHeader.xib */,
			);
			path = view;
			sourceTree = "<group>";
		};
		7CC47E7B1DC883790095BB11 /* classify */ = {
			isa = PBXGroup;
			children = (
				7CC47E7C1DC883790095BB11 /* controller */,
				7CC47E7E1DC883790095BB11 /* model */,
				7CC47E7F1DC883790095BB11 /* view */,
			);
			path = classify;
			sourceTree = "<group>";
		};
		7CC47E7C1DC883790095BB11 /* controller */ = {
			isa = PBXGroup;
			children = (
				7CC47E7D1DC883790095BB11 /* ClassifyViewController.swift */,
			);
			path = controller;
			sourceTree = "<group>";
		};
		7CC47E7E1DC883790095BB11 /* model */ = {
			isa = PBXGroup;
			children = (
			);
			path = model;
			sourceTree = "<group>";
		};
		7CC47E7F1DC883790095BB11 /* view */ = {
			isa = PBXGroup;
			children = (
			);
			path = view;
			sourceTree = "<group>";
		};
		7CC47E801DC883790095BB11 /* Ingredients */ = {
			isa = PBXGroup;
			children = (
				7CC47E811DC883790095BB11 /* controller */,
				7CC47E831DC883790095BB11 /* model */,
				7CC47E841DC883790095BB11 /* view */,
			);
			path = Ingredients;
			sourceTree = "<group>";
		};
		7CC47E811DC883790095BB11 /* controller */ = {
			isa = PBXGroup;
			children = (
				7CC47E821DC883790095BB11 /* IngredientsViewController.swift */,
			);
			path = controller;
			sourceTree = "<group>";
		};
		7CC47E831DC883790095BB11 /* model */ = {
			isa = PBXGroup;
			children = (
				7C3F4F9B1DC97FEA00C3C346 /* RecipIngredientsModel.swift */,
			);
			path = model;
			sourceTree = "<group>";
		};
		7CC47E841DC883790095BB11 /* view */ = {
			isa = PBXGroup;
			children = (
				7CC47E851DC883790095BB11 /* RecipIngredientsView.swift */,
				7C3F4F9D1DC990CE00C3C346 /* RecipIngredientsCell.swift */,
			);
			path = view;
			sourceTree = "<group>";
		};
		C7B7DF2DA74BF4AABE83999B /* Frameworks */ = {
			isa = PBXGroup;
			children = (
				90161368D879297F6F2494B0 /* Pods_zhangchu.framework */,
			);
			name = Frameworks;
			sourceTree = "<group>";
		};
		D67DAF12849452E550FD01AA /* Pods */ = {
			isa = PBXGroup;
			children = (
				E4B537EE54CD577C7E683BCA /* Pods-zhangchu.debug.xcconfig */,
				9313AEEB83EBD9D6928510B3 /* Pods-zhangchu.release.xcconfig */,
			);
			name = Pods;
			sourceTree = "<group>";
		};
/* End PBXGroup section */

/* Begin PBXNativeTarget section */
		7C2E91F01DB9A51A00DD7EC9 /* zhangchu */ = {
			isa = PBXNativeTarget;
			buildConfigurationList = 7C2E92031DB9A51A00DD7EC9 /* Build configuration list for PBXNativeTarget "zhangchu" */;
			buildPhases = (
				91AFF5502B33DE49468FEC28 /* [CP] Check Pods Manifest.lock */,
				7C2E91ED1DB9A51A00DD7EC9 /* Sources */,
				7C2E91EE1DB9A51A00DD7EC9 /* Frameworks */,
				7C2E91EF1DB9A51A00DD7EC9 /* Resources */,
				590DD911A9F44F2ABF60CA42 /* [CP] Embed Pods Frameworks */,
				32565BFCB16A0C93CB9493B1 /* [CP] Copy Pods Resources */,
			);
			buildRules = (
			);
			dependencies = (
			);
			name = zhangchu;
			productName = zhangchu;
			productReference = 7C2E91F11DB9A51A00DD7EC9 /* zhangchu.app */;
			productType = "com.apple.product-type.application";
		};
/* End PBXNativeTarget section */

/* Begin PBXProject section */
		7C2E91E91DB9A51A00DD7EC9 /* Project object */ = {
			isa = PBXProject;
			attributes = {
				LastSwiftUpdateCheck = 0730;
				LastUpgradeCheck = 0730;
				ORGANIZATIONNAME = suning;
				TargetAttributes = {
					7C2E91F01DB9A51A00DD7EC9 = {
						CreatedOnToolsVersion = 7.3.1;
						DevelopmentTeam = 45X8PV3PW9;
					};
				};
			};
			buildConfigurationList = 7C2E91EC1DB9A51A00DD7EC9 /* Build configuration list for PBXProject "zhangchu" */;
			compatibilityVersion = "Xcode 3.2";
			developmentRegion = English;
			hasScannedForEncodings = 0;
			knownRegions = (
				en,
				Base,
			);
			mainGroup = 7C2E91E81DB9A51A00DD7EC9;
			productRefGroup = 7C2E91F21DB9A51A00DD7EC9 /* Products */;
			projectDirPath = "";
			projectRoot = "";
			targets = (
				7C2E91F01DB9A51A00DD7EC9 /* zhangchu */,
			);
		};
/* End PBXProject section */

/* Begin PBXResourcesBuildPhase section */
		7C2E91EF1DB9A51A00DD7EC9 /* Resources */ = {
			isa = PBXResourcesBuildPhase;
			buildActionMask = 2147483647;
			files = (
				7C9FC4AC1DC8305B0031FBC0 /* search@3x.png in Resources */,
				7C9FC4A91DC8305B0031FBC0 /* saoyisao@2x.png in Resources */,
				7C3F51201DCC171500C3C346 /* RecommentChosenCell.xib in Resources */,
				7C2E927F1DB9B0D900DD7EC9 /* home_normal@2x.png in Resources */,
				7C2E91FF1DB9A51A00DD7EC9 /* LaunchScreen.storyboard in Resources */,
				7C3F512E1DCC24C200C3C346 /* FoodCourseDescCell.xib in Resources */,
				7C2E927E1DB9B0D900DD7EC9 /* community_select@3x.png in Resources */,
				7C3F513D1DCC64F400C3C346 /* report_select@2x.png in Resources */,
				7C2E92861DB9B0D900DD7EC9 /* mine_select@3x.png in Resources */,
				7C2ABE001DC19A91000F44A6 /* play-A@2x.png in Resources */,
				7C2E92851DB9B0D900DD7EC9 /* mine_select@2x.png in Resources */,
				7C2E92891DB9B0D900DD7EC9 /* shike_select@2x.png in Resources */,
				7C3F51221DCC171500C3C346 /* RecommentTalentCell.xib in Resources */,
				7C3F513E1DCC64F400C3C346 /* report_select@3x.png in Resources */,
				7C9FC4AB1DC8305B0031FBC0 /* search@2x.png in Resources */,
				7C2E928A1DB9B0D900DD7EC9 /* shike_select@3x.png in Resources */,
				7C3F4F991DC9739D00C3C346 /* navBar.png in Resources */,
				7C3F51171DCC171500C3C346 /* RecommendOtherFoodCell.xib in Resources */,
				7C3F513B1DCC64F400C3C346 /* report_normal@2x.png in Resources */,
				7C2ABE011DC19A91000F44A6 /* play-A@3x.png in Resources */,
				7C3F51191DCC171500C3C346 /* RecommendTodayCell.xib in Resources */,
				7C3F511B1DCC171500C3C346 /* RecommendWidgetBtnCell.xib in Resources */,
				7C2E927B1DB9B0D900DD7EC9 /* community_normal@2x.png in Resources */,
				7C2E92831DB9B0D900DD7EC9 /* mine_normal@2x.png in Resources */,
				7C3F513C1DCC64F400C3C346 /* report_normal@3x.png in Resources */,
				7C3F512A1DCC180100C3C346 /* FoodCourseVideoCell.xib in Resources */,
				7C3F51121DCC171500C3C346 /* RecommendBannerCell.xib in Resources */,
				7C3F51151DCC171500C3C346 /* RecommendListCell.xib in Resources */,
				7C2E92801DB9B0D900DD7EC9 /* home_normal@3x.png in Resources */,
				7C2E92881DB9B0D900DD7EC9 /* shike_normal@3x.png in Resources */,
				7C3F51361DCC63E200C3C346 /* FoodCourseCommentCell.xib in Resources */,
				7CBD88221DBD9C0500E09664 /* Controllers.json in Resources */,
				7C2ABE051DC1B0DE000F44A6 /* more_icon.png in Resources */,
				7C2ABE5D1DC2E59F000F44A6 /* play.png in Resources */,
				7C2ABD2D1DBEF82D000F44A6 /* sdefaultImage.png in Resources */,
				7C3F511E1DCC171500C3C346 /* RecommendWidgetImgCell.xib in Resources */,
				7C2E92821DB9B0D900DD7EC9 /* home_select@3x.png in Resources */,
				7C2E91FC1DB9A51A00DD7EC9 /* Assets.xcassets in Resources */,
				7C2E92841DB9B0D900DD7EC9 /* mine_normal@3x.png in Resources */,
				7C2E927C1DB9B0D900DD7EC9 /* community_normal@3x.png in Resources */,
				7C2E92871DB9B0D900DD7EC9 /* shike_normal@2x.png in Resources */,
				7C2E92811DB9B0D900DD7EC9 /* home_select@2x.png in Resources */,
				7C9FC4AA1DC8305B0031FBC0 /* saoyisao@3x.png in Resources */,
				7C3F51441DCC7E8F00C3C346 /* FoodCourseCommentHeader.xib in Resources */,
				7C2ABD9A1DC054FA000F44A6 /* search1.png in Resources */,
				7C3F4F9A1DC9739D00C3C346 /* navBtn_bag.png in Resources */,
				7C2E927D1DB9B0D900DD7EC9 /* community_select@2x.png in Resources */,
				7C3F51241DCC171500C3C346 /* RecommentTopicCell.xib in Resources */,
				7C2E91FA1DB9A51A00DD7EC9 /* Main.storyboard in Resources */,
			);
			runOnlyForDeploymentPostprocessing = 0;
		};
/* End PBXResourcesBuildPhase section */

/* Begin PBXShellScriptBuildPhase section */
		32565BFCB16A0C93CB9493B1 /* [CP] Copy Pods Resources */ = {
			isa = PBXShellScriptBuildPhase;
			buildActionMask = 2147483647;
			files = (
			);
			inputPaths = (
			);
			name = "[CP] Copy Pods Resources";
			outputPaths = (
			);
			runOnlyForDeploymentPostprocessing = 0;
			shellPath = /bin/sh;
			shellScript = "\"${SRCROOT}/Pods/Target Support Files/Pods-zhangchu/Pods-zhangchu-resources.sh\"\n";
			showEnvVarsInLog = 0;
		};
		590DD911A9F44F2ABF60CA42 /* [CP] Embed Pods Frameworks */ = {
			isa = PBXShellScriptBuildPhase;
			buildActionMask = 2147483647;
			files = (
			);
			inputPaths = (
			);
			name = "[CP] Embed Pods Frameworks";
			outputPaths = (
			);
			runOnlyForDeploymentPostprocessing = 0;
			shellPath = /bin/sh;
			shellScript = "\"${SRCROOT}/Pods/Target Support Files/Pods-zhangchu/Pods-zhangchu-frameworks.sh\"\n";
			showEnvVarsInLog = 0;
		};
		91AFF5502B33DE49468FEC28 /* [CP] Check Pods Manifest.lock */ = {
			isa = PBXShellScriptBuildPhase;
			buildActionMask = 2147483647;
			files = (
			);
			inputPaths = (
			);
			name = "[CP] Check Pods Manifest.lock";
			outputPaths = (
			);
			runOnlyForDeploymentPostprocessing = 0;
			shellPath = /bin/sh;
			shellScript = "diff \"${PODS_ROOT}/../Podfile.lock\" \"${PODS_ROOT}/Manifest.lock\" > /dev/null\nif [ $? != 0 ] ; then\n    # print error to STDERR\n    echo \"error: The sandbox is not in sync with the Podfile.lock. Run 'pod install' or update your CocoaPods installation.\" >&2\n    exit 1\nfi\n";
			showEnvVarsInLog = 0;
		};
/* End PBXShellScriptBuildPhase section */

/* Begin PBXSourcesBuildPhase section */
		7C2E91ED1DB9A51A00DD7EC9 /* Sources */ = {
			isa = PBXSourcesBuildPhase;
			buildActionMask = 2147483647;
			files = (
				7CBD88261DBDB6CA00E09664 /* RecipeRecommendModel.swift in Sources */,
				7C2E91F71DB9A51A00DD7EC9 /* ViewController.swift in Sources */,
				7C3F50661DCAD46100C3C346 /* RecommendTelentServcie.swift in Sources */,
				7C3F50601DCAD43000C3C346 /* SceneService.swift in Sources */,
				7C3F50621DCAD44100C3C346 /* DishService.swift in Sources */,
				7C2E925A1DB9AB9800DD7EC9 /* MainTabBarViewController.swift in Sources */,
				7C3F51181DCC171500C3C346 /* RecommendTodayCell.swift in Sources */,
				7C3F50641DCAD44A00C3C346 /* VideoService.swift in Sources */,
				7CBD88241DBDACDE00E09664 /* ZCDownload.swift in Sources */,
				7C3F51291DCC180100C3C346 /* FoodCourseVideoCell.swift in Sources */,
				7C3F51141DCC171500C3C346 /* RecommendListCell.swift in Sources */,
				7C2E925E1DB9AC4700DD7EC9 /* CommunityViewController.swift in Sources */,
				7C3F51131DCC171500C3C346 /* RecommendHeaderView.swift in Sources */,
				7C3F505C1DCAD40000C3C346 /* SceneListService.swift in Sources */,
				7C3F505A1DCAD3E700C3C346 /* FoodMatchService.swift in Sources */,
				7CC47E9F1DC883790095BB11 /* ClassifyViewController.swift in Sources */,
				7C3F51211DCC171500C3C346 /* RecommentTalentCell.swift in Sources */,
				7C2E92581DB9AB7900DD7EC9 /* BasicViewController.swift in Sources */,
				7C2E92601DB9AC5600DD7EC9 /* HappyLifeViewController.swift in Sources */,
				7C3F51351DCC63E200C3C346 /* FoodCourseCommentCell.swift in Sources */,
				7CBD87331DB9BA0D00E09664 /* UILabelCommon.swift in Sources */,
				7C3F51261DCC171500C3C346 /* FoodCourseDetailModel.swift in Sources */,
				7C3F50581DCAD3C500C3C346 /* WebViewService.swift in Sources */,
				7C3F511C1DCC171500C3C346 /* RecommendWidgetBtnHeaderView.swift in Sources */,
				7CBD87311DB9B98200E09664 /* UIViewCommon.swift in Sources */,
				7CBD87371DB9C39F00E09664 /* constant.swift in Sources */,
				7C3F505E1DCAD42200C3C346 /* FavoritesService.swift in Sources */,
				7C3F51161DCC171500C3C346 /* RecommendOtherFoodCell.swift in Sources */,
				7C3F512D1DCC24C200C3C346 /* FoodCourseDescCell.swift in Sources */,
				7C3F511F1DCC171500C3C346 /* RecommentChosenCell.swift in Sources */,
				7C2E91F51DB9A51A00DD7EC9 /* AppDelegate.swift in Sources */,
				7C3F4F9C1DC97FEA00C3C346 /* RecipIngredientsModel.swift in Sources */,
				7C3F506C1DCAD49D00C3C346 /* PostService.swift in Sources */,
				7C3F51101DCC171500C3C346 /* RecommendViewController.swift in Sources */,
				7C3F50701DCAD4E700C3C346 /* IngredientsService.swift in Sources */,
				7C3F50541DCAD2C000C3C346 /* RecipeService.swift in Sources */,
				7C3F51421DCC7E3E00C3C346 /* FoodCourseCommentHeader.swift in Sources */,
				7C2E92621DB9AC5E00DD7EC9 /* MyViewController.swift in Sources */,
				7C3F506E1DCAD4BA00C3C346 /* SubjectListService.swift in Sources */,
				7C3F506A1DCAD49200C3C346 /* BoutiquepostService.swift in Sources */,
				7C3F51111DCC171500C3C346 /* RecommendBannerCell.swift in Sources */,
				7C3F51401DCC750F00C3C346 /* TabViewController.swift in Sources */,
				7C3F51301DCC2F1400C3C346 /* FoodCourseNumCell.swift in Sources */,
				7C2ABD231DBEED43000F44A6 /* RecipeRecommendView.swift in Sources */,
				7CBD87351DB9BB8300E09664 /* UIButtonCommon.swift in Sources */,
				7CC47EA01DC883790095BB11 /* IngredientsViewController.swift in Sources */,
				7C3F50561DCAD35600C3C346 /* FoodCourseService.swift in Sources */,
				7C3F4F9E1DC990CE00C3C346 /* RecipIngredientsCell.swift in Sources */,
				7C3F51251DCC171500C3C346 /* FoodCourseController.swift in Sources */,
				7C3F51321DCC5E3200C3C346 /* FoodCourseCommentModel.swift in Sources */,
				7C3F511A1DCC171500C3C346 /* RecommendWidgetBtnCell.swift in Sources */,
				7CC47DC41DC839730095BB11 /* RecipeSegView.swift in Sources */,
				7C2E925C1DB9AC2800DD7EC9 /* RecipeViewController.swift in Sources */,
				7C3F51231DCC171500C3C346 /* RecommentTopicCell.swift in Sources */,
				7CC47EA11DC883790095BB11 /* RecipIngredientsView.swift in Sources */,
				7C3F50681DCAD47300C3C346 /* TelentService.swift in Sources */,
				7C3F511D1DCC171500C3C346 /* RecommendWidgetImgCell.swift in Sources */,
			);
			runOnlyForDeploymentPostprocessing = 0;
		};
/* End PBXSourcesBuildPhase section */

/* Begin PBXVariantGroup section */
		7C2E91F81DB9A51A00DD7EC9 /* Main.storyboard */ = {
			isa = PBXVariantGroup;
			children = (
				7C2E91F91DB9A51A00DD7EC9 /* Base */,
			);
			name = Main.storyboard;
			sourceTree = "<group>";
		};
		7C2E91FD1DB9A51A00DD7EC9 /* LaunchScreen.storyboard */ = {
			isa = PBXVariantGroup;
			children = (
				7C2E91FE1DB9A51A00DD7EC9 /* Base */,
			);
			name = LaunchScreen.storyboard;
			sourceTree = "<group>";
		};
/* End PBXVariantGroup section */

/* Begin XCBuildConfiguration section */
		7C2E92011DB9A51A00DD7EC9 /* Debug */ = {
			isa = XCBuildConfiguration;
			buildSettings = {
				ALWAYS_SEARCH_USER_PATHS = NO;
				CLANG_ANALYZER_NONNULL = YES;
				CLANG_CXX_LANGUAGE_STANDARD = "gnu++0x";
				CLANG_CXX_LIBRARY = "libc++";
				CLANG_ENABLE_MODULES = YES;
				CLANG_ENABLE_OBJC_ARC = YES;
				CLANG_WARN_BOOL_CONVERSION = YES;
				CLANG_WARN_CONSTANT_CONVERSION = YES;
				CLANG_WARN_DIRECT_OBJC_ISA_USAGE = YES_ERROR;
				CLANG_WARN_EMPTY_BODY = YES;
				CLANG_WARN_ENUM_CONVERSION = YES;
				CLANG_WARN_INT_CONVERSION = YES;
				CLANG_WARN_OBJC_ROOT_CLASS = YES_ERROR;
				CLANG_WARN_UNREACHABLE_CODE = YES;
				CLANG_WARN__DUPLICATE_METHOD_MATCH = YES;
				"CODE_SIGN_IDENTITY[sdk=iphoneos*]" = "iPhone Developer";
				COPY_PHASE_STRIP = NO;
				DEBUG_INFORMATION_FORMAT = dwarf;
				ENABLE_STRICT_OBJC_MSGSEND = YES;
				ENABLE_TESTABILITY = YES;
				GCC_C_LANGUAGE_STANDARD = gnu99;
				GCC_DYNAMIC_NO_PIC = NO;
				GCC_NO_COMMON_BLOCKS = YES;
				GCC_OPTIMIZATION_LEVEL = 0;
				GCC_PREPROCESSOR_DEFINITIONS = (
					"DEBUG=1",
					"$(inherited)",
				);
				GCC_WARN_64_TO_32_BIT_CONVERSION = YES;
				GCC_WARN_ABOUT_RETURN_TYPE = YES_ERROR;
				GCC_WARN_UNDECLARED_SELECTOR = YES;
				GCC_WARN_UNINITIALIZED_AUTOS = YES_AGGRESSIVE;
				GCC_WARN_UNUSED_FUNCTION = YES;
				GCC_WARN_UNUSED_VARIABLE = YES;
				IPHONEOS_DEPLOYMENT_TARGET = 9.3;
				MTL_ENABLE_DEBUG_INFO = YES;
				ONLY_ACTIVE_ARCH = YES;
				SDKROOT = iphoneos;
				SWIFT_OPTIMIZATION_LEVEL = "-Onone";
				TARGETED_DEVICE_FAMILY = "1,2";
			};
			name = Debug;
		};
		7C2E92021DB9A51A00DD7EC9 /* Release */ = {
			isa = XCBuildConfiguration;
			buildSettings = {
				ALWAYS_SEARCH_USER_PATHS = NO;
				CLANG_ANALYZER_NONNULL = YES;
				CLANG_CXX_LANGUAGE_STANDARD = "gnu++0x";
				CLANG_CXX_LIBRARY = "libc++";
				CLANG_ENABLE_MODULES = YES;
				CLANG_ENABLE_OBJC_ARC = YES;
				CLANG_WARN_BOOL_CONVERSION = YES;
				CLANG_WARN_CONSTANT_CONVERSION = YES;
				CLANG_WARN_DIRECT_OBJC_ISA_USAGE = YES_ERROR;
				CLANG_WARN_EMPTY_BODY = YES;
				CLANG_WARN_ENUM_CONVERSION = YES;
				CLANG_WARN_INT_CONVERSION = YES;
				CLANG_WARN_OBJC_ROOT_CLASS = YES_ERROR;
				CLANG_WARN_UNREACHABLE_CODE = YES;
				CLANG_WARN__DUPLICATE_METHOD_MATCH = YES;
				"CODE_SIGN_IDENTITY[sdk=iphoneos*]" = "iPhone Developer";
				COPY_PHASE_STRIP = NO;
				DEBUG_INFORMATION_FORMAT = "dwarf-with-dsym";
				ENABLE_NS_ASSERTIONS = NO;
				ENABLE_STRICT_OBJC_MSGSEND = YES;
				GCC_C_LANGUAGE_STANDARD = gnu99;
				GCC_NO_COMMON_BLOCKS = YES;
				GCC_WARN_64_TO_32_BIT_CONVERSION = YES;
				GCC_WARN_ABOUT_RETURN_TYPE = YES_ERROR;
				GCC_WARN_UNDECLARED_SELECTOR = YES;
				GCC_WARN_UNINITIALIZED_AUTOS = YES_AGGRESSIVE;
				GCC_WARN_UNUSED_FUNCTION = YES;
				GCC_WARN_UNUSED_VARIABLE = YES;
				IPHONEOS_DEPLOYMENT_TARGET = 9.3;
				MTL_ENABLE_DEBUG_INFO = NO;
				SDKROOT = iphoneos;
				TARGETED_DEVICE_FAMILY = "1,2";
				VALIDATE_PRODUCT = YES;
			};
			name = Release;
		};
		7C2E92041DB9A51A00DD7EC9 /* Debug */ = {
			isa = XCBuildConfiguration;
			baseConfigurationReference = E4B537EE54CD577C7E683BCA /* Pods-zhangchu.debug.xcconfig */;
			buildSettings = {
				ASSETCATALOG_COMPILER_APPICON_NAME = AppIcon;
				ASSETCATALOG_COMPILER_LAUNCHIMAGE_NAME = LaunchImage;
				CODE_SIGN_IDENTITY = "iPhone Developer";
				INFOPLIST_FILE = zhangchu/Info.plist;
				LD_RUNPATH_SEARCH_PATHS = "$(inherited) @executable_path/Frameworks";
				PRODUCT_BUNDLE_IDENTIFIER = "-23.zhangchu";
				PRODUCT_NAME = "$(TARGET_NAME)";
				TARGETED_DEVICE_FAMILY = 1;
			};
			name = Debug;
		};
		7C2E92051DB9A51A00DD7EC9 /* Release */ = {
			isa = XCBuildConfiguration;
			baseConfigurationReference = 9313AEEB83EBD9D6928510B3 /* Pods-zhangchu.release.xcconfig */;
			buildSettings = {
				ASSETCATALOG_COMPILER_APPICON_NAME = AppIcon;
				ASSETCATALOG_COMPILER_LAUNCHIMAGE_NAME = LaunchImage;
				CODE_SIGN_IDENTITY = "iPhone Developer";
				INFOPLIST_FILE = zhangchu/Info.plist;
				LD_RUNPATH_SEARCH_PATHS = "$(inherited) @executable_path/Frameworks";
				PRODUCT_BUNDLE_IDENTIFIER = "-23.zhangchu";
				PRODUCT_NAME = "$(TARGET_NAME)";
				TARGETED_DEVICE_FAMILY = 1;
			};
			name = Release;
		};
/* End XCBuildConfiguration section */

/* Begin XCConfigurationList section */
		7C2E91EC1DB9A51A00DD7EC9 /* Build configuration list for PBXProject "zhangchu" */ = {
			isa = XCConfigurationList;
			buildConfigurations = (
				7C2E92011DB9A51A00DD7EC9 /* Debug */,
				7C2E92021DB9A51A00DD7EC9 /* Release */,
			);
			defaultConfigurationIsVisible = 0;
			defaultConfigurationName = Release;
		};
		7C2E92031DB9A51A00DD7EC9 /* Build configuration list for PBXNativeTarget "zhangchu" */ = {
			isa = XCConfigurationList;
			buildConfigurations = (
				7C2E92041DB9A51A00DD7EC9 /* Debug */,
				7C2E92051DB9A51A00DD7EC9 /* Release */,
			);
			defaultConfigurationIsVisible = 0;
			defaultConfigurationName = Release;
		};
/* End XCConfigurationList section */
	};
	rootObject = 7C2E91E91DB9A51A00DD7EC9 /* Project object */;
}
